
Microsoft Visual Studio Solution File, Format Version 12.00
# Visual Studio Version 17
VisualStudioVersion = 17.3.32901.215
MinimumVisualStudioVersion = 10.0.40219.1
Project("{FAE04EC0-301F-11D3-BF4B-00C04F79EFBC}") = "button", "button\button.csproj", "{AD673E0D-BBDD-4D54-87B8-C1E60780B756}"
EndProject
Global
	GlobalSection(SolutionConfigurationPlatforms) = preSolution
		Debug|Any CPU = Debug|Any CPU
		Release|Any CPU = Release|Any CPU
	EndGlobalSection
	GlobalSection(ProjectConfigurationPlatforms) = postSolution
		{AD673E0D-BBDD-4D54-87B8-C1E60780B756}.Debug|Any CPU.ActiveCfg = Debug|Any CPU
		{AD673E0D-BBDD-4D54-87B8-C1E60780B756}.Debug|Any CPU.Build.0 = Debug|Any CPU
		{AD673E0D-BBDD-4D54-87B8-C1E60780B756}.Release|Any CPU.ActiveCfg = Release|Any CPU
		{AD673E0D-BBDD-4D54-87B8-C1E60780B756}.Release|Any CPU.Build.0 = Release|Any CPU
	EndGlobalSection
	GlobalSection(SolutionProperties) = preSolution
		HideSolutionNode = FALSE
	EndGlobalSection
	GlobalSection(ExtensibilityGlobals) = postSolution
		SolutionGuid = {27D31AB5-622B-412E-848B-491A9A1D0211}
	EndGlobalSection
EndGlobal
